# This file is automatically @generated by Poetry 1.6.1 and should not be changed by hand.

[[package]]
name = "polars"
version = "0.19.8"
description = "Blazingly fast DataFrame library"
optional = false
python-versions = ">=3.8"
files = [
    {file = "polars-0.19.8-cp38-abi3-macosx_10_12_x86_64.whl", hash = "sha256:bd35b6f5aaa85db3bacb0d4b0c556c08da007291d41e837c62e831cf2905c520"},
    {file = "polars-0.19.8-cp38-abi3-macosx_11_0_arm64.whl", hash = "sha256:89418a059df1a387e661973aba7c60ec64ed6efe5d6421f06949ea582fd2a8a7"},
    {file = "polars-0.19.8-cp38-abi3-manylinux_2_17_aarch64.manylinux2014_aarch64.whl", hash = "sha256:bddf392b5a8766f7b6fa991d913d864ea53d7407280f109223174ded84bdb7b1"},
    {file = "polars-0.19.8-cp38-abi3-manylinux_2_17_x86_64.manylinux2014_x86_64.whl", hash = "sha256:a43bd78d6f6bc8a943620324611baa143c07907265fd2680a1b923cc6d2e19c3"},
    {file = "polars-0.19.8-cp38-abi3-win_amd64.whl", hash = "sha256:6b79691fe68362b79942182d8e78d064b4b3b7191fa8c2899dece93a5b036aa3"},
    {file = "polars-0.19.8.tar.gz", hash = "sha256:7ba32d104832fed1ac75b8f264f11953751edf062b2ab9d4e69b19ab5a224a0c"},
]

[package.extras]
adbc = ["adbc_driver_sqlite"]
all = ["polars[adbc,cloudpickle,connectorx,deltalake,fsspec,gevent,matplotlib,numpy,pandas,pyarrow,pydantic,pyiceberg,sqlalchemy,timezone,xlsx2csv,xlsxwriter]"]
cloudpickle = ["cloudpickle"]
connectorx = ["connectorx"]
deltalake = ["deltalake (>=0.10.0)"]
fsspec = ["fsspec"]
gevent = ["gevent"]
matplotlib = ["matplotlib"]
numpy = ["numpy (>=1.16.0)"]
openpyxl = ["openpyxl (>=3.0.0)"]
pandas = ["pandas", "pyarrow (>=7.0.0)"]
pyarrow = ["pyarrow (>=7.0.0)"]
pydantic = ["pydantic"]
pyiceberg = ["pyiceberg (>=0.5.0)"]
pyxlsb = ["pyxlsb (>=1.0)"]
sqlalchemy = ["pandas", "sqlalchemy"]
timezone = ["backports.zoneinfo", "tzdata"]
xlsx2csv = ["xlsx2csv (>=0.8.0)"]
xlsxwriter = ["xlsxwriter"]

[metadata]
lock-version = "2.0"
python-versions = "^3.9"
content-hash = "b15593fe5f095daf6c197ccdc32b14158f2baefc370b71dbe18a2d4137bab7c2"
